
Microsoft Visual Studio Solution File, Format Version 12.00
# Visual Studio Version 17
VisualStudioVersion = 17.11.35312.102
MinimumVisualStudioVersion = 10.0.40219.1
Project("{FAE04EC0-301F-11D3-BF4B-00C04F79EFBC}") = "BookingTourWeb", "BookingTourWeb\BookingTourWeb.csproj", "{3B43BBA7-721D-4B7D-8DCD-25B1DBCB449E}"
EndProject
Global
	GlobalSection(SolutionConfigurationPlatforms) = preSolution
		Debug|Any CPU = Debug|Any CPU
		Release|Any CPU = Release|Any CPU
	EndGlobalSection
	GlobalSection(ProjectConfigurationPlatforms) = postSolution
		{3B43BBA7-721D-4B7D-8DCD-25B1DBCB449E}.Debug|Any CPU.ActiveCfg = Debug|Any CPU
		{3B43BBA7-721D-4B7D-8DCD-25B1DBCB449E}.Debug|Any CPU.Build.0 = Debug|Any CPU
		{3B43BBA7-721D-4B7D-8DCD-25B1DBCB449E}.Release|Any CPU.ActiveCfg = Release|Any CPU
		{3B43BBA7-721D-4B7D-8DCD-25B1DBCB449E}.Release|Any CPU.Build.0 = Release|Any CPU
	EndGlobalSection
	GlobalSection(SolutionProperties) = preSolution
		HideSolutionNode = FALSE
	EndGlobalSection
	GlobalSection(ExtensibilityGlobals) = postSolution
		SolutionGuid = {0367C71A-FF00-40EA-B875-6F4C3ADC8D97}
	EndGlobalSection
EndGlobal
